
Microsoft Visual Studio Solution File, Format Version 12.00
# Visual Studio 15
VisualStudioVersion = 15.0.28307.1082
MinimumVisualStudioVersion = 10.0.40219.1
Project("{9A19103F-16F7-4668-BE54-9A1E7A4F7556}") = "DotNet.Rastreio.Search.App", "DotNet.Rastreio.Search.App\DotNet.Rastreio.Search.App.csproj", "{C5BE1A38-272C-49C4-A192-F6E991923E80}"
EndProject
Project("{FAE04EC0-301F-11D3-BF4B-00C04F79EFBC}") = "DotNet.Rastreio.Search.Test", "..\tests\DotNet.Rastreio.Search.Test\DotNet.Rastreio.Search.Test.csproj", "{09874ABB-0872-4018-99AE-7F134F87D2FF}"
EndProject
Global
	GlobalSection(SolutionConfigurationPlatforms) = preSolution
		Debug|Any CPU = Debug|Any CPU
		Release|Any CPU = Release|Any CPU
	EndGlobalSection
	GlobalSection(ProjectConfigurationPlatforms) = postSolution
		{C5BE1A38-272C-49C4-A192-F6E991923E80}.Debug|Any CPU.ActiveCfg = Debug|Any CPU
		{C5BE1A38-272C-49C4-A192-F6E991923E80}.Debug|Any CPU.Build.0 = Debug|Any CPU
		{C5BE1A38-272C-49C4-A192-F6E991923E80}.Release|Any CPU.ActiveCfg = Release|Any CPU
		{C5BE1A38-272C-49C4-A192-F6E991923E80}.Release|Any CPU.Build.0 = Release|Any CPU
		{09874ABB-0872-4018-99AE-7F134F87D2FF}.Debug|Any CPU.ActiveCfg = Debug|Any CPU
		{09874ABB-0872-4018-99AE-7F134F87D2FF}.Debug|Any CPU.Build.0 = Debug|Any CPU
		{09874ABB-0872-4018-99AE-7F134F87D2FF}.Release|Any CPU.ActiveCfg = Release|Any CPU
		{09874ABB-0872-4018-99AE-7F134F87D2FF}.Release|Any CPU.Build.0 = Release|Any CPU
	EndGlobalSection
	GlobalSection(SolutionProperties) = preSolution
		HideSolutionNode = FALSE
	EndGlobalSection
	GlobalSection(ExtensibilityGlobals) = postSolution
		SolutionGuid = {6A478928-6D50-4135-AD18-79F102FF463A}
	EndGlobalSection
EndGlobal
